
Microsoft Visual Studio Solution File, Format Version 12.00
# Visual Studio Version 17
VisualStudioVersion = 17.0.31903.59
MinimumVisualStudioVersion = 10.0.40219.1
Project("{2150E333-8FDC-42A3-9474-1A3956D46DE8}") = "src", "src", "{E51CCAEB-0772-410C-AD4C-DCCE0BCE1D78}"
EndProject
Project("{FAE04EC0-301F-11D3-BF4B-00C04F79EFBC}") = "AdventureCrafter.Core", "src\AdventureCrafter.Core\AdventureCrafter.Core.csproj", "{BF1D8CBF-FB9A-4B64-A6DC-CF97D02FA567}"
EndProject
Project("{FAE04EC0-301F-11D3-BF4B-00C04F79EFBC}") = "AdventureCrafter.Runtime", "src\AdventureCrafter.Runtime\AdventureCrafter.Runtime.csproj", "{CDE30921-72AC-4178-B514-104C43A9FF33}"
EndProject
Project("{FAE04EC0-301F-11D3-BF4B-00C04F79EFBC}") = "AdventureCrafter.Editor", "src\AdventureCrafter.Editor\AdventureCrafter.Editor.csproj", "{06446C4E-4992-4520-8407-95913CEA1DA0}"
EndProject
Project("{2150E333-8FDC-42A3-9474-1A3956D46DE8}") = "tests", "tests", "{D1ED36D2-9758-44F0-A3B7-0C760F2C8D31}"
EndProject
Project("{FAE04EC0-301F-11D3-BF4B-00C04F79EFBC}") = "AdventureCrafter.Core.Tests", "tests\AdventureCrafter.Core.Tests\AdventureCrafter.Core.Tests.csproj", "{924A2063-E1B4-4070-B090-C34859C3ACE3}"
EndProject
Global
	GlobalSection(SolutionConfigurationPlatforms) = preSolution
		Debug|Any CPU = Debug|Any CPU
		Release|Any CPU = Release|Any CPU
	EndGlobalSection
	GlobalSection(SolutionProperties) = preSolution
		HideSolutionNode = FALSE
	EndGlobalSection
	GlobalSection(ProjectConfigurationPlatforms) = postSolution
		{BF1D8CBF-FB9A-4B64-A6DC-CF97D02FA567}.Debug|Any CPU.ActiveCfg = Debug|Any CPU
		{BF1D8CBF-FB9A-4B64-A6DC-CF97D02FA567}.Debug|Any CPU.Build.0 = Debug|Any CPU
		{BF1D8CBF-FB9A-4B64-A6DC-CF97D02FA567}.Release|Any CPU.ActiveCfg = Release|Any CPU
		{BF1D8CBF-FB9A-4B64-A6DC-CF97D02FA567}.Release|Any CPU.Build.0 = Release|Any CPU
		{CDE30921-72AC-4178-B514-104C43A9FF33}.Debug|Any CPU.ActiveCfg = Debug|Any CPU
		{CDE30921-72AC-4178-B514-104C43A9FF33}.Debug|Any CPU.Build.0 = Debug|Any CPU
		{CDE30921-72AC-4178-B514-104C43A9FF33}.Release|Any CPU.ActiveCfg = Release|Any CPU
		{CDE30921-72AC-4178-B514-104C43A9FF33}.Release|Any CPU.Build.0 = Release|Any CPU
		{06446C4E-4992-4520-8407-95913CEA1DA0}.Debug|Any CPU.ActiveCfg = Debug|Any CPU
		{06446C4E-4992-4520-8407-95913CEA1DA0}.Debug|Any CPU.Build.0 = Debug|Any CPU
		{06446C4E-4992-4520-8407-95913CEA1DA0}.Release|Any CPU.ActiveCfg = Release|Any CPU
		{06446C4E-4992-4520-8407-95913CEA1DA0}.Release|Any CPU.Build.0 = Release|Any CPU
		{924A2063-E1B4-4070-B090-C34859C3ACE3}.Debug|Any CPU.ActiveCfg = Debug|Any CPU
		{924A2063-E1B4-4070-B090-C34859C3ACE3}.Debug|Any CPU.Build.0 = Debug|Any CPU
		{924A2063-E1B4-4070-B090-C34859C3ACE3}.Release|Any CPU.ActiveCfg = Release|Any CPU
		{924A2063-E1B4-4070-B090-C34859C3ACE3}.Release|Any CPU.Build.0 = Release|Any CPU
	EndGlobalSection
	GlobalSection(NestedProjects) = preSolution
		{BF1D8CBF-FB9A-4B64-A6DC-CF97D02FA567} = {E51CCAEB-0772-410C-AD4C-DCCE0BCE1D78}
		{CDE30921-72AC-4178-B514-104C43A9FF33} = {E51CCAEB-0772-410C-AD4C-DCCE0BCE1D78}
		{06446C4E-4992-4520-8407-95913CEA1DA0} = {E51CCAEB-0772-410C-AD4C-DCCE0BCE1D78}
		{924A2063-E1B4-4070-B090-C34859C3ACE3} = {D1ED36D2-9758-44F0-A3B7-0C760F2C8D31}
	EndGlobalSection
EndGlobal
